
Microsoft Visual Studio Solution File, Format Version 12.00
# Visual Studio Version 17
VisualStudioVersion = 17.5.33424.131
MinimumVisualStudioVersion = 10.0.40219.1
Project("{9A19103F-16F7-4668-BE54-9A1E7A4F7556}") = "IndustryExperienceMain", "IndustryExperienceMain\IndustryExperienceMain.csproj", "{68E0BB4F-30E7-4CC7-BECD-5235CE24BCEB}"
EndProject
Global
	GlobalSection(SolutionConfigurationPlatforms) = preSolution
		Debug|Any CPU = Debug|Any CPU
		Release|Any CPU = Release|Any CPU
	EndGlobalSection
	GlobalSection(ProjectConfigurationPlatforms) = postSolution
		{68E0BB4F-30E7-4CC7-BECD-5235CE24BCEB}.Debug|Any CPU.ActiveCfg = Debug|Any CPU
		{68E0BB4F-30E7-4CC7-BECD-5235CE24BCEB}.Debug|Any CPU.Build.0 = Debug|Any CPU
		{68E0BB4F-30E7-4CC7-BECD-5235CE24BCEB}.Release|Any CPU.ActiveCfg = Release|Any CPU
		{68E0BB4F-30E7-4CC7-BECD-5235CE24BCEB}.Release|Any CPU.Build.0 = Release|Any CPU
	EndGlobalSection
	GlobalSection(SolutionProperties) = preSolution
		HideSolutionNode = FALSE
	EndGlobalSection
	GlobalSection(ExtensibilityGlobals) = postSolution
		SolutionGuid = {B9F237C2-A241-4E60-A93C-6CA9E5FB38F2}
	EndGlobalSection
EndGlobal
